{
  "name": "first",
  "version": "1.0.0",
  "lockfileVersion": 1,
  "requires": true,
  "dependencies": {
    "bootstrap": {
      "version": "3.3.7",
      "resolved": "http://registry.npmjs.org/bootstrap/-/bootstrap-3.3.7.tgz",
      "integrity": "sha1-WjiTlFSfIzMIdaOxUGVldPip63E="
    },
    "canvas-nest.js": {
      "version": "2.0.3",
      "resolved": "https://registry.npmjs.org/canvas-nest.js/-/canvas-nest.js-2.0.3.tgz",
      "integrity": "sha512-zL+AN9alP5fl/Ek2gZMpWS4Hoz5jMf1NonYPvdsU5SV++m8/b45EUnTje6GUs1998q6wGISYYRHiWho1JXGM6w==",
      "requires": {
        "size-sensor": "0.2.2"
      }
    },
    "size-sensor": {
      "version": "0.2.2",
      "resolved": "https://registry.npmjs.org/size-sensor/-/size-sensor-0.2.2.tgz",
      "integrity": "sha512-dL/IdBhGDvCHlxQgxryqJNEnSWQz4xvKntsW028CgaJLBLSw8rpi7oUVSM4+xnaHbH+BFkXz6H5aMStfH8v2Pg=="
    }
  }
}
